// !$*UTF8*$!
{
	archiveVersion = 1;
	classes = {
	};
	objectVersion = 55;
	objects = {

/* Begin PBXBuildFile section */
		00269870E8829D0001C7A29F /* Pods_ClydeLiveMVVM_ClydeLiveMVVMUITests.framework in Frameworks */ = {isa = PBXBuildFile; fileRef = C549943E02420AD5D019D244 /* Pods_ClydeLiveMVVM_ClydeLiveMVVMUITests.framework */; };
		4ADBD56A28193D24008768FF /* LoginVM.swift in Sources */ = {isa = PBXBuildFile; fileRef = 4ADBD56928193D24008768FF /* LoginVM.swift */; };
		4AFD2CE0281B973B00660F69 /* SnapShotTransition.swift in Sources */ = {isa = PBXBuildFile; fileRef = 4AFD2CDF281B973B00660F69 /* SnapShotTransition.swift */; };
		4AFD2CE5281BCDED00660F69 /* HomeCollectionView.swift in Sources */ = {isa = PBXBuildFile; fileRef = 4AFD2CE4281BCDED00660F69 /* HomeCollectionView.swift */; };
		4AFD2CE7281BD6E600660F69 /* HomeTransitioningDelegate.swift in Sources */ = {isa = PBXBuildFile; fileRef = 4AFD2CE6281BD6E600660F69 /* HomeTransitioningDelegate.swift */; };
		4B151F59280E5FD100AF6EDA /* AlertVC.swift in Sources */ = {isa = PBXBuildFile; fileRef = 4B151F58280E5FD100AF6EDA /* AlertVC.swift */; };
		4B151F5B280E6B3E00AF6EDA /* StreamerCodeble.swift in Sources */ = {isa = PBXBuildFile; fileRef = 4B151F5A280E6B3E00AF6EDA /* StreamerCodeble.swift */; };
		4B1EA11A28114D6A00865087 /* house.json in Resources */ = {isa = PBXBuildFile; fileRef = 4B1EA11928114D6A00865087 /* house.json */; };
		4B404FFC280924D5004DAC91 /* AppDelegate.swift in Sources */ = {isa = PBXBuildFile; fileRef = 4B404FFB280924D5004DAC91 /* AppDelegate.swift */; };
		4B404FFE280924D5004DAC91 /* SceneDelegate.swift in Sources */ = {isa = PBXBuildFile; fileRef = 4B404FFD280924D5004DAC91 /* SceneDelegate.swift */; };
		4B405003280924D5004DAC91 /* Main.storyboard in Resources */ = {isa = PBXBuildFile; fileRef = 4B405001280924D5004DAC91 /* Main.storyboard */; };
		4B405006280924D5004DAC91 /* ClydeLiveMVVM.xcdatamodeld in Sources */ = {isa = PBXBuildFile; fileRef = 4B405004280924D5004DAC91 /* ClydeLiveMVVM.xcdatamodeld */; };
		4B405008280924D7004DAC91 /* Assets.xcassets in Resources */ = {isa = PBXBuildFile; fileRef = 4B405007280924D7004DAC91 /* Assets.xcassets */; };
		4B40500B280924D7004DAC91 /* LaunchScreen.storyboard in Resources */ = {isa = PBXBuildFile; fileRef = 4B405009280924D7004DAC91 /* LaunchScreen.storyboard */; };
		4B405016280924D7004DAC91 /* ClydeLiveMVVMTests.swift in Sources */ = {isa = PBXBuildFile; fileRef = 4B405015280924D7004DAC91 /* ClydeLiveMVVMTests.swift */; };
		4B405020280924D7004DAC91 /* ClydeLiveMVVMUITests.swift in Sources */ = {isa = PBXBuildFile; fileRef = 4B40501F280924D7004DAC91 /* ClydeLiveMVVMUITests.swift */; };
		4B405022280924D7004DAC91 /* ClydeLiveMVVMUITestsLaunchTests.swift in Sources */ = {isa = PBXBuildFile; fileRef = 4B405021280924D7004DAC91 /* ClydeLiveMVVMUITestsLaunchTests.swift */; };
		4B40502F280926D2004DAC91 /* GoogleService-Info.plist in Resources */ = {isa = PBXBuildFile; fileRef = 4B40502E280926D2004DAC91 /* GoogleService-Info.plist */; };
		4B5E8A13280929E700F53633 /* HomeVC.swift in Sources */ = {isa = PBXBuildFile; fileRef = 4B5E8A12280929E700F53633 /* HomeVC.swift */; };
		4B5E8A1628092AA400F53633 /* SearchVC.swift in Sources */ = {isa = PBXBuildFile; fileRef = 4B5E8A1528092AA400F53633 /* SearchVC.swift */; };
		4B5E8A1828092BB500F53633 /* LoginVC.swift in Sources */ = {isa = PBXBuildFile; fileRef = 4B5E8A1728092BB500F53633 /* LoginVC.swift */; };
		4B5E8A1A28092CD300F53633 /* RegisterVC.swift in Sources */ = {isa = PBXBuildFile; fileRef = 4B5E8A1928092CD300F53633 /* RegisterVC.swift */; };
		4B5E8A1C28093F1D00F53633 /* Extension.swift in Sources */ = {isa = PBXBuildFile; fileRef = 4B5E8A1B28093F1D00F53633 /* Extension.swift */; };
		4B5E8A222809425200F53633 /* ServersDataVM.swift in Sources */ = {isa = PBXBuildFile; fileRef = 4B5E8A212809425200F53633 /* ServersDataVM.swift */; };
		4B5E8A252809429000F53633 /* ServersDataModel.swift in Sources */ = {isa = PBXBuildFile; fileRef = 4B5E8A242809429000F53633 /* ServersDataModel.swift */; };
		4B5E8A29280945E900F53633 /* Enums.swift in Sources */ = {isa = PBXBuildFile; fileRef = 4B5E8A28280945E900F53633 /* Enums.swift */; };
		4B5E8A2B2809627C00F53633 /* HomeCollectionCell.swift in Sources */ = {isa = PBXBuildFile; fileRef = 4B5E8A2A2809627C00F53633 /* HomeCollectionCell.swift */; };
		4B6BA4BD280AC862008083A5 /* SearchHeaderView.swift in Sources */ = {isa = PBXBuildFile; fileRef = 4B6BA4BC280AC862008083A5 /* SearchHeaderView.swift */; };
		4B7D29C3281141AE00601411 /* bicycle.json in Resources */ = {isa = PBXBuildFile; fileRef = 4B7D29C2281141AE00601411 /* bicycle.json */; };
		4B7D29C52811460800601411 /* rocket.json in Resources */ = {isa = PBXBuildFile; fileRef = 4B7D29C42811460800601411 /* rocket.json */; };
		4B962A23280EB0B0006A1D02 /* login.json in Resources */ = {isa = PBXBuildFile; fileRef = 4B962A22280EB0B0006A1D02 /* login.json */; };
		4B9A5415280A92EC00F4E09C /* CustomElement.swift in Sources */ = {isa = PBXBuildFile; fileRef = 4B9A5414280A92EC00F4E09C /* CustomElement.swift */; };
		4B9A5419280AB5FF00F4E09C /* SearchsStreamerCollectionVCell.swift in Sources */ = {isa = PBXBuildFile; fileRef = 4B9A5418280AB5FF00F4E09C /* SearchsStreamerCollectionVCell.swift */; };
		4BA08F1C2810E646006DF434 /* TabBC.swift in Sources */ = {isa = PBXBuildFile; fileRef = 4BA08F1B2810E646006DF434 /* TabBC.swift */; };
		4BA23E5B280D0FE600332EAA /* PersonalInfoVC.swift in Sources */ = {isa = PBXBuildFile; fileRef = 4BA23E5A280D0FE600332EAA /* PersonalInfoVC.swift */; };
		4BC0F865280E1DC6001F0904 /* openDarkDoor.json in Resources */ = {isa = PBXBuildFile; fileRef = 4BC0F864280E1DC6001F0904 /* openDarkDoor.json */; };
		4BC0F867280E1F57001F0904 /* loves.json in Resources */ = {isa = PBXBuildFile; fileRef = 4BC0F866280E1F57001F0904 /* loves.json */; };
		4BC0F869280E2075001F0904 /* registing.json in Resources */ = {isa = PBXBuildFile; fileRef = 4BC0F868280E2075001F0904 /* registing.json */; };
		4BC0F86D280E2BC6001F0904 /* approve.json in Resources */ = {isa = PBXBuildFile; fileRef = 4BC0F86C280E2BC6001F0904 /* approve.json */; };
		4BC0F86F280E2CE8001F0904 /* approved.json in Resources */ = {isa = PBXBuildFile; fileRef = 4BC0F86E280E2CE8001F0904 /* approved.json */; };
		4D9959D0280C92B70018D72B /* musicWaves.json in Resources */ = {isa = PBXBuildFile; fileRef = 4D9959CB280C92B70018D72B /* musicWaves.json */; };
		4DD90E0F280C208F00909677 /* StreamerVC.swift in Sources */ = {isa = PBXBuildFile; fileRef = 4DD90E0E280C208F00909677 /* StreamerVC.swift */; };
		4DD90E11280C20BB00909677 /* StreamersChatroomTableVCell.swift in Sources */ = {isa = PBXBuildFile; fileRef = 4DD90E10280C20BB00909677 /* StreamersChatroomTableVCell.swift */; };
		4DD90E13280C291200909677 /* hime3.mp4 in Resources */ = {isa = PBXBuildFile; fileRef = 4DD90E12280C291100909677 /* hime3.mp4 */; };
		945AABE1E4A1E19F5F1B767A /* Pods_ClydeLiveMVVMTests.framework in Frameworks */ = {isa = PBXBuildFile; fileRef = E9C89A7B1DC55D811E5647BC /* Pods_ClydeLiveMVVMTests.framework */; };
		A935184C81243EB9D0ACB71C /* Pods_ClydeLiveMVVM.framework in Frameworks */ = {isa = PBXBuildFile; fileRef = 9F1BDBCF67BB7294874CFAFC /* Pods_ClydeLiveMVVM.framework */; };
/* End PBXBuildFile section */

/* Begin PBXContainerItemProxy section */
		4B405012280924D7004DAC91 /* PBXContainerItemProxy */ = {
			isa = PBXContainerItemProxy;
			containerPortal = 4B404FF0280924D5004DAC91 /* Project object */;
			proxyType = 1;
			remoteGlobalIDString = 4B404FF7280924D5004DAC91;
			remoteInfo = ClydeLiveMVVM;
		};
		4B40501C280924D7004DAC91 /* PBXContainerItemProxy */ = {
			isa = PBXContainerItemProxy;
			containerPortal = 4B404FF0280924D5004DAC91 /* Project object */;
			proxyType = 1;
			remoteGlobalIDString = 4B404FF7280924D5004DAC91;
			remoteInfo = ClydeLiveMVVM;
		};
/* End PBXContainerItemProxy section */

/* Begin PBXFileReference section */
		2A2AA733DFE4D3E9B0C2B805 /* Pods-ClydeLiveMVVMTests.release.xcconfig */ = {isa = PBXFileReference; includeInIndex = 1; lastKnownFileType = text.xcconfig; name = "Pods-ClydeLiveMVVMTests.release.xcconfig"; path = "Target Support Files/Pods-ClydeLiveMVVMTests/Pods-ClydeLiveMVVMTests.release.xcconfig"; sourceTree = "<group>"; };
		3E656DE80109CFEEB62A0D7C /* Pods-ClydeLiveMVVM.debug.xcconfig */ = {isa = PBXFileReference; includeInIndex = 1; lastKnownFileType = text.xcconfig; name = "Pods-ClydeLiveMVVM.debug.xcconfig"; path = "Target Support Files/Pods-ClydeLiveMVVM/Pods-ClydeLiveMVVM.debug.xcconfig"; sourceTree = "<group>"; };
		4ADBD56928193D24008768FF /* LoginVM.swift */ = {isa = PBXFileReference; lastKnownFileType = sourcecode.swift; path = LoginVM.swift; sourceTree = "<group>"; };
		4AFD2CDF281B973B00660F69 /* SnapShotTransition.swift */ = {isa = PBXFileReference; lastKnownFileType = sourcecode.swift; path = SnapShotTransition.swift; sourceTree = "<group>"; };
		4AFD2CE4281BCDED00660F69 /* HomeCollectionView.swift */ = {isa = PBXFileReference; lastKnownFileType = sourcecode.swift; path = HomeCollectionView.swift; sourceTree = "<group>"; };
		4AFD2CE6281BD6E600660F69 /* HomeTransitioningDelegate.swift */ = {isa = PBXFileReference; lastKnownFileType = sourcecode.swift; path = HomeTransitioningDelegate.swift; sourceTree = "<group>"; };
		4B151F58280E5FD100AF6EDA /* AlertVC.swift */ = {isa = PBXFileReference; lastKnownFileType = sourcecode.swift; path = AlertVC.swift; sourceTree = "<group>"; };
		4B151F5A280E6B3E00AF6EDA /* StreamerCodeble.swift */ = {isa = PBXFileReference; lastKnownFileType = sourcecode.swift; path = StreamerCodeble.swift; sourceTree = "<group>"; };
		4B1EA11928114D6A00865087 /* house.json */ = {isa = PBXFileReference; fileEncoding = 4; lastKnownFileType = text.json; path = house.json; sourceTree = "<group>"; };
		4B404FF8280924D5004DAC91 /* ClydeLiveMVVM.app */ = {isa = PBXFileReference; explicitFileType = wrapper.application; includeInIndex = 0; path = ClydeLiveMVVM.app; sourceTree = BUILT_PRODUCTS_DIR; };
		4B404FFB280924D5004DAC91 /* AppDelegate.swift */ = {isa = PBXFileReference; lastKnownFileType = sourcecode.swift; path = AppDelegate.swift; sourceTree = "<group>"; };
		4B404FFD280924D5004DAC91 /* SceneDelegate.swift */ = {isa = PBXFileReference; lastKnownFileType = sourcecode.swift; path = SceneDelegate.swift; sourceTree = "<group>"; };
		4B405002280924D5004DAC91 /* Base */ = {isa = PBXFileReference; lastKnownFileType = file.storyboard; name = Base; path = Base.lproj/Main.storyboard; sourceTree = "<group>"; };
		4B405005280924D5004DAC91 /* ClydeLiveMVVM.xcdatamodel */ = {isa = PBXFileReference; lastKnownFileType = wrapper.xcdatamodel; path = ClydeLiveMVVM.xcdatamodel; sourceTree = "<group>"; };
		4B405007280924D7004DAC91 /* Assets.xcassets */ = {isa = PBXFileReference; lastKnownFileType = folder.assetcatalog; path = Assets.xcassets; sourceTree = "<group>"; };
		4B40500A280924D7004DAC91 /* Base */ = {isa = PBXFileReference; lastKnownFileType = file.storyboard; name = Base; path = Base.lproj/LaunchScreen.storyboard; sourceTree = "<group>"; };
		4B40500C280924D7004DAC91 /* Info.plist */ = {isa = PBXFileReference; lastKnownFileType = text.plist.xml; path = Info.plist; sourceTree = "<group>"; };
		4B405011280924D7004DAC91 /* ClydeLiveMVVMTests.xctest */ = {isa = PBXFileReference; explicitFileType = wrapper.cfbundle; includeInIndex = 0; path = ClydeLiveMVVMTests.xctest; sourceTree = BUILT_PRODUCTS_DIR; };
		4B405015280924D7004DAC91 /* ClydeLiveMVVMTests.swift */ = {isa = PBXFileReference; lastKnownFileType = sourcecode.swift; path = ClydeLiveMVVMTests.swift; sourceTree = "<group>"; };
		4B40501B280924D7004DAC91 /* ClydeLiveMVVMUITests.xctest */ = {isa = PBXFileReference; explicitFileType = wrapper.cfbundle; includeInIndex = 0; path = ClydeLiveMVVMUITests.xctest; sourceTree = BUILT_PRODUCTS_DIR; };
		4B40501F280924D7004DAC91 /* ClydeLiveMVVMUITests.swift */ = {isa = PBXFileReference; lastKnownFileType = sourcecode.swift; path = ClydeLiveMVVMUITests.swift; sourceTree = "<group>"; };
		4B405021280924D7004DAC91 /* ClydeLiveMVVMUITestsLaunchTests.swift */ = {isa = PBXFileReference; lastKnownFileType = sourcecode.swift; path = ClydeLiveMVVMUITestsLaunchTests.swift; sourceTree = "<group>"; };
		4B40502E280926D2004DAC91 /* GoogleService-Info.plist */ = {isa = PBXFileReference; fileEncoding = 4; lastKnownFileType = text.plist.xml; path = "GoogleService-Info.plist"; sourceTree = "<group>"; };
		4B5E8A12280929E700F53633 /* HomeVC.swift */ = {isa = PBXFileReference; lastKnownFileType = sourcecode.swift; path = HomeVC.swift; sourceTree = "<group>"; };
		4B5E8A1528092AA400F53633 /* SearchVC.swift */ = {isa = PBXFileReference; lastKnownFileType = sourcecode.swift; path = SearchVC.swift; sourceTree = "<group>"; };
		4B5E8A1728092BB500F53633 /* LoginVC.swift */ = {isa = PBXFileReference; lastKnownFileType = sourcecode.swift; path = LoginVC.swift; sourceTree = "<group>"; };
		4B5E8A1928092CD300F53633 /* RegisterVC.swift */ = {isa = PBXFileReference; lastKnownFileType = sourcecode.swift; path = RegisterVC.swift; sourceTree = "<group>"; };
		4B5E8A1B28093F1D00F53633 /* Extension.swift */ = {isa = PBXFileReference; lastKnownFileType = sourcecode.swift; path = Extension.swift; sourceTree = "<group>"; };
		4B5E8A212809425200F53633 /* ServersDataVM.swift */ = {isa = PBXFileReference; lastKnownFileType = sourcecode.swift; path = ServersDataVM.swift; sourceTree = "<group>"; };
		4B5E8A242809429000F53633 /* ServersDataModel.swift */ = {isa = PBXFileReference; lastKnownFileType = sourcecode.swift; path = ServersDataModel.swift; sourceTree = "<group>"; };
		4B5E8A28280945E900F53633 /* Enums.swift */ = {isa = PBXFileReference; lastKnownFileType = sourcecode.swift; path = Enums.swift; sourceTree = "<group>"; };
		4B5E8A2A2809627C00F53633 /* HomeCollectionCell.swift */ = {isa = PBXFileReference; lastKnownFileType = sourcecode.swift; path = HomeCollectionCell.swift; sourceTree = "<group>"; };
		4B6BA4BC280AC862008083A5 /* SearchHeaderView.swift */ = {isa = PBXFileReference; lastKnownFileType = sourcecode.swift; path = SearchHeaderView.swift; sourceTree = "<group>"; };
		4B7D29C2281141AE00601411 /* bicycle.json */ = {isa = PBXFileReference; fileEncoding = 4; lastKnownFileType = text.json; path = bicycle.json; sourceTree = "<group>"; };
		4B7D29C42811460800601411 /* rocket.json */ = {isa = PBXFileReference; fileEncoding = 4; lastKnownFileType = text.json; path = rocket.json; sourceTree = "<group>"; };
		4B962A22280EB0B0006A1D02 /* login.json */ = {isa = PBXFileReference; fileEncoding = 4; lastKnownFileType = text.json; path = login.json; sourceTree = "<group>"; };
		4B9A5414280A92EC00F4E09C /* CustomElement.swift */ = {isa = PBXFileReference; lastKnownFileType = sourcecode.swift; path = CustomElement.swift; sourceTree = "<group>"; };
		4B9A5418280AB5FF00F4E09C /* SearchsStreamerCollectionVCell.swift */ = {isa = PBXFileReference; lastKnownFileType = sourcecode.swift; path = SearchsStreamerCollectionVCell.swift; sourceTree = "<group>"; };
		4BA08F1B2810E646006DF434 /* TabBC.swift */ = {isa = PBXFileReference; lastKnownFileType = sourcecode.swift; path = TabBC.swift; sourceTree = "<group>"; };
		4BA23E5A280D0FE600332EAA /* PersonalInfoVC.swift */ = {isa = PBXFileReference; lastKnownFileType = sourcecode.swift; path = PersonalInfoVC.swift; sourceTree = "<group>"; };
		4BC0F864280E1DC6001F0904 /* openDarkDoor.json */ = {isa = PBXFileReference; fileEncoding = 4; lastKnownFileType = text.json; path = openDarkDoor.json; sourceTree = "<group>"; };
		4BC0F866280E1F57001F0904 /* loves.json */ = {isa = PBXFileReference; fileEncoding = 4; lastKnownFileType = text.json; path = loves.json; sourceTree = "<group>"; };
		4BC0F868280E2075001F0904 /* registing.json */ = {isa = PBXFileReference; fileEncoding = 4; lastKnownFileType = text.json; path = registing.json; sourceTree = "<group>"; };
		4BC0F86C280E2BC6001F0904 /* approve.json */ = {isa = PBXFileReference; fileEncoding = 4; lastKnownFileType = text.json; path = approve.json; sourceTree = "<group>"; };
		4BC0F86E280E2CE8001F0904 /* approved.json */ = {isa = PBXFileReference; fileEncoding = 4; lastKnownFileType = text.json; path = approved.json; sourceTree = "<group>"; };
		4D9959CB280C92B70018D72B /* musicWaves.json */ = {isa = PBXFileReference; fileEncoding = 4; lastKnownFileType = text.json; path = musicWaves.json; sourceTree = "<group>"; };
		4DD90E0E280C208F00909677 /* StreamerVC.swift */ = {isa = PBXFileReference; lastKnownFileType = sourcecode.swift; path = StreamerVC.swift; sourceTree = "<group>"; };
		4DD90E10280C20BB00909677 /* StreamersChatroomTableVCell.swift */ = {isa = PBXFileReference; lastKnownFileType = sourcecode.swift; path = StreamersChatroomTableVCell.swift; sourceTree = "<group>"; };
		4DD90E12280C291100909677 /* hime3.mp4 */ = {isa = PBXFileReference; lastKnownFileType = file; path = hime3.mp4; sourceTree = "<group>"; };
		5F568D5C7FA10EBA3A7BB227 /* Pods-ClydeLiveMVVM-ClydeLiveMVVMUITests.debug.xcconfig */ = {isa = PBXFileReference; includeInIndex = 1; lastKnownFileType = text.xcconfig; name = "Pods-ClydeLiveMVVM-ClydeLiveMVVMUITests.debug.xcconfig"; path = "Target Support Files/Pods-ClydeLiveMVVM-ClydeLiveMVVMUITests/Pods-ClydeLiveMVVM-ClydeLiveMVVMUITests.debug.xcconfig"; sourceTree = "<group>"; };
		8DF2C948E6AA76250BC13D5C /* Pods-ClydeLiveMVVM-ClydeLiveMVVMUITests.release.xcconfig */ = {isa = PBXFileReference; includeInIndex = 1; lastKnownFileType = text.xcconfig; name = "Pods-ClydeLiveMVVM-ClydeLiveMVVMUITests.release.xcconfig"; path = "Target Support Files/Pods-ClydeLiveMVVM-ClydeLiveMVVMUITests/Pods-ClydeLiveMVVM-ClydeLiveMVVMUITests.release.xcconfig"; sourceTree = "<group>"; };
		8E77F98D5B24A1BF6780B74F /* Pods-ClydeLiveMVVM.release.xcconfig */ = {isa = PBXFileReference; includeInIndex = 1; lastKnownFileType = text.xcconfig; name = "Pods-ClydeLiveMVVM.release.xcconfig"; path = "Target Support Files/Pods-ClydeLiveMVVM/Pods-ClydeLiveMVVM.release.xcconfig"; sourceTree = "<group>"; };
		9F1BDBCF67BB7294874CFAFC /* Pods_ClydeLiveMVVM.framework */ = {isa = PBXFileReference; explicitFileType = wrapper.framework; includeInIndex = 0; path = Pods_ClydeLiveMVVM.framework; sourceTree = BUILT_PRODUCTS_DIR; };
		BAB08A5B37EA020A5ADD4B36 /* Pods-ClydeLiveMVVMTests.debug.xcconfig */ = {isa = PBXFileReference; includeInIndex = 1; lastKnownFileType = text.xcconfig; name = "Pods-ClydeLiveMVVMTests.debug.xcconfig"; path = "Target Support Files/Pods-ClydeLiveMVVMTests/Pods-ClydeLiveMVVMTests.debug.xcconfig"; sourceTree = "<group>"; };
		C549943E02420AD5D019D244 /* Pods_ClydeLiveMVVM_ClydeLiveMVVMUITests.framework */ = {isa = PBXFileReference; explicitFileType = wrapper.framework; includeInIndex = 0; path = Pods_ClydeLiveMVVM_ClydeLiveMVVMUITests.framework; sourceTree = BUILT_PRODUCTS_DIR; };
		E9C89A7B1DC55D811E5647BC /* Pods_ClydeLiveMVVMTests.framework */ = {isa = PBXFileReference; explicitFileType = wrapper.framework; includeInIndex = 0; path = Pods_ClydeLiveMVVMTests.framework; sourceTree = BUILT_PRODUCTS_DIR; };
/* End PBXFileReference section */

/* Begin PBXFrameworksBuildPhase section */
		4B404FF5280924D5004DAC91 /* Frameworks */ = {
			isa = PBXFrameworksBuildPhase;
			buildActionMask = 2147483647;
			files = (
				A935184C81243EB9D0ACB71C /* Pods_ClydeLiveMVVM.framework in Frameworks */,
			);
			runOnlyForDeploymentPostprocessing = 0;
		};
		4B40500E280924D7004DAC91 /* Frameworks */ = {
			isa = PBXFrameworksBuildPhase;
			buildActionMask = 2147483647;
			files = (
				945AABE1E4A1E19F5F1B767A /* Pods_ClydeLiveMVVMTests.framework in Frameworks */,
			);
			runOnlyForDeploymentPostprocessing = 0;
		};
		4B405018280924D7004DAC91 /* Frameworks */ = {
			isa = PBXFrameworksBuildPhase;
			buildActionMask = 2147483647;
			files = (
				00269870E8829D0001C7A29F /* Pods_ClydeLiveMVVM_ClydeLiveMVVMUITests.framework in Frameworks */,
			);
			runOnlyForDeploymentPostprocessing = 0;
		};
/* End PBXFrameworksBuildPhase section */

/* Begin PBXGroup section */
		4AFD2CDE281B96D300660F69 /* CustomTransiton */ = {
			isa = PBXGroup;
			children = (
				4AFD2CDF281B973B00660F69 /* SnapShotTransition.swift */,
			);
			path = CustomTransiton;
			sourceTree = "<group>";
		};
		4AFD2CE1281BCD4800660F69 /* Login */ = {
			isa = PBXGroup;
			children = (
				4B5E8A1728092BB500F53633 /* LoginVC.swift */,
			);
			path = Login;
			sourceTree = "<group>";
		};
		4AFD2CE2281BCD5700660F69 /* Register */ = {
			isa = PBXGroup;
			children = (
				4B5E8A1928092CD300F53633 /* RegisterVC.swift */,
			);
			path = Register;
			sourceTree = "<group>";
		};
		4AFD2CE3281BCD6A00660F69 /* Streamer */ = {
			isa = PBXGroup;
			children = (
				4DD90E0E280C208F00909677 /* StreamerVC.swift */,
				4DD90E10280C20BB00909677 /* StreamersChatroomTableVCell.swift */,
				4B151F58280E5FD100AF6EDA /* AlertVC.swift */,
			);
			path = Streamer;
			sourceTree = "<group>";
		};
		4B404FEF280924D5004DAC91 = {
			isa = PBXGroup;
			children = (
				4DD90E12280C291100909677 /* hime3.mp4 */,
				4B404FFA280924D5004DAC91 /* ClydeLiveMVVM */,
				4B405014280924D7004DAC91 /* ClydeLiveMVVMTests */,
				4B40501E280924D7004DAC91 /* ClydeLiveMVVMUITests */,
				4B404FF9280924D5004DAC91 /* Products */,
				C3EBA8259342435D3AF1E7F0 /* Pods */,
				72D3F5D0ADE8E1C14D24112E /* Frameworks */,
			);
			sourceTree = "<group>";
		};
		4B404FF9280924D5004DAC91 /* Products */ = {
			isa = PBXGroup;
			children = (
				4B404FF8280924D5004DAC91 /* ClydeLiveMVVM.app */,
				4B405011280924D7004DAC91 /* ClydeLiveMVVMTests.xctest */,
				4B40501B280924D7004DAC91 /* ClydeLiveMVVMUITests.xctest */,
			);
			name = Products;
			sourceTree = "<group>";
		};
		4B404FFA280924D5004DAC91 /* ClydeLiveMVVM */ = {
			isa = PBXGroup;
			children = (
				4D9959C8280C92320018D72B /* LottieAnimate */,
				4B5E8A232809426700F53633 /* Model */,
				4B5E8A0A2809290500F53633 /* ViewModel */,
				4B5E8A09280928F400F53633 /* ViewControllers */,
				4B5E8A1428092A4700F53633 /* Others */,
				4B404FFB280924D5004DAC91 /* AppDelegate.swift */,
				4B404FFD280924D5004DAC91 /* SceneDelegate.swift */,
				4B405001280924D5004DAC91 /* Main.storyboard */,
				4B405007280924D7004DAC91 /* Assets.xcassets */,
				4B405009280924D7004DAC91 /* LaunchScreen.storyboard */,
				4B40502E280926D2004DAC91 /* GoogleService-Info.plist */,
				4B40500C280924D7004DAC91 /* Info.plist */,
				4B405004280924D5004DAC91 /* ClydeLiveMVVM.xcdatamodeld */,
			);
			path = ClydeLiveMVVM;
			sourceTree = "<group>";
		};
		4B405014280924D7004DAC91 /* ClydeLiveMVVMTests */ = {
			isa = PBXGroup;
			children = (
				4B405015280924D7004DAC91 /* ClydeLiveMVVMTests.swift */,
			);
			path = ClydeLiveMVVMTests;
			sourceTree = "<group>";
		};
		4B40501E280924D7004DAC91 /* ClydeLiveMVVMUITests */ = {
			isa = PBXGroup;
			children = (
				4B40501F280924D7004DAC91 /* ClydeLiveMVVMUITests.swift */,
				4B405021280924D7004DAC91 /* ClydeLiveMVVMUITestsLaunchTests.swift */,
			);
			path = ClydeLiveMVVMUITests;
			sourceTree = "<group>";
		};
		4B5E8A09280928F400F53633 /* ViewControllers */ = {
			isa = PBXGroup;
			children = (
				4AFD2CE3281BCD6A00660F69 /* Streamer */,
				4AFD2CE2281BCD5700660F69 /* Register */,
				4AFD2CE1281BCD4800660F69 /* Login */,
				4B5E8A0D2809293A00F53633 /* PersonalInfo */,
				4B5E8A0C2809293200F53633 /* Search */,
				4B5E8A0B2809291E00F53633 /* Home */,
			);
			path = ViewControllers;
			sourceTree = "<group>";
		};
		4B5E8A0A2809290500F53633 /* ViewModel */ = {
			isa = PBXGroup;
			children = (
				4B5E8A212809425200F53633 /* ServersDataVM.swift */,
				4ADBD56928193D24008768FF /* LoginVM.swift */,
			);
			path = ViewModel;
			sourceTree = "<group>";
		};
		4B5E8A0B2809291E00F53633 /* Home */ = {
			isa = PBXGroup;
			children = (
				4B5E8A12280929E700F53633 /* HomeVC.swift */,
				4AFD2CE4281BCDED00660F69 /* HomeCollectionView.swift */,
				4B5E8A2A2809627C00F53633 /* HomeCollectionCell.swift */,
				4AFD2CE6281BD6E600660F69 /* HomeTransitioningDelegate.swift */,
			);
			path = Home;
			sourceTree = "<group>";
		};
		4B5E8A0C2809293200F53633 /* Search */ = {
			isa = PBXGroup;
			children = (
				4B5E8A1528092AA400F53633 /* SearchVC.swift */,
				4B9A5418280AB5FF00F4E09C /* SearchsStreamerCollectionVCell.swift */,
				4B6BA4BC280AC862008083A5 /* SearchHeaderView.swift */,
			);
			path = Search;
			sourceTree = "<group>";
		};
		4B5E8A0D2809293A00F53633 /* PersonalInfo */ = {
			isa = PBXGroup;
			children = (
				4BA23E5A280D0FE600332EAA /* PersonalInfoVC.swift */,
			);
			path = PersonalInfo;
			sourceTree = "<group>";
		};
		4B5E8A1428092A4700F53633 /* Others */ = {
			isa = PBXGroup;
			children = (
				4AFD2CDE281B96D300660F69 /* CustomTransiton */,
				4B5E8A1B28093F1D00F53633 /* Extension.swift */,
				4B9A5414280A92EC00F4E09C /* CustomElement.swift */,
				4B151F5A280E6B3E00AF6EDA /* StreamerCodeble.swift */,
				4BA08F1B2810E646006DF434 /* TabBC.swift */,
			);
			path = Others;
			sourceTree = "<group>";
		};
		4B5E8A232809426700F53633 /* Model */ = {
			isa = PBXGroup;
			children = (
				4B5E8A242809429000F53633 /* ServersDataModel.swift */,
				4B5E8A28280945E900F53633 /* Enums.swift */,
			);
			path = Model;
			sourceTree = "<group>";
		};
		4D9959C8280C92320018D72B /* LottieAnimate */ = {
			isa = PBXGroup;
			children = (
				4D9959CB280C92B70018D72B /* musicWaves.json */,
				4BC0F864280E1DC6001F0904 /* openDarkDoor.json */,
				4BC0F86E280E2CE8001F0904 /* approved.json */,
				4BC0F86C280E2BC6001F0904 /* approve.json */,
				4B1EA11928114D6A00865087 /* house.json */,
				4BC0F868280E2075001F0904 /* registing.json */,
				4B962A22280EB0B0006A1D02 /* login.json */,
				4BC0F866280E1F57001F0904 /* loves.json */,
				4B7D29C42811460800601411 /* rocket.json */,
				4B7D29C2281141AE00601411 /* bicycle.json */,
			);
			path = LottieAnimate;
			sourceTree = "<group>";
		};
		72D3F5D0ADE8E1C14D24112E /* Frameworks */ = {
			isa = PBXGroup;
			children = (
				9F1BDBCF67BB7294874CFAFC /* Pods_ClydeLiveMVVM.framework */,
				C549943E02420AD5D019D244 /* Pods_ClydeLiveMVVM_ClydeLiveMVVMUITests.framework */,
				E9C89A7B1DC55D811E5647BC /* Pods_ClydeLiveMVVMTests.framework */,
			);
			name = Frameworks;
			sourceTree = "<group>";
		};
		C3EBA8259342435D3AF1E7F0 /* Pods */ = {
			isa = PBXGroup;
			children = (
				3E656DE80109CFEEB62A0D7C /* Pods-ClydeLiveMVVM.debug.xcconfig */,
				8E77F98D5B24A1BF6780B74F /* Pods-ClydeLiveMVVM.release.xcconfig */,
				5F568D5C7FA10EBA3A7BB227 /* Pods-ClydeLiveMVVM-ClydeLiveMVVMUITests.debug.xcconfig */,
				8DF2C948E6AA76250BC13D5C /* Pods-ClydeLiveMVVM-ClydeLiveMVVMUITests.release.xcconfig */,
				BAB08A5B37EA020A5ADD4B36 /* Pods-ClydeLiveMVVMTests.debug.xcconfig */,
				2A2AA733DFE4D3E9B0C2B805 /* Pods-ClydeLiveMVVMTests.release.xcconfig */,
			);
			path = Pods;
			sourceTree = "<group>";
		};
/* End PBXGroup section */

/* Begin PBXNativeTarget section */
		4B404FF7280924D5004DAC91 /* ClydeLiveMVVM */ = {
			isa = PBXNativeTarget;
			buildConfigurationList = 4B405025280924D7004DAC91 /* Build configuration list for PBXNativeTarget "ClydeLiveMVVM" */;
			buildPhases = (
				009D5BD1B91D373FFE99DB58 /* [CP] Check Pods Manifest.lock */,
				4B404FF4280924D5004DAC91 /* Sources */,
				4B404FF5280924D5004DAC91 /* Frameworks */,
				4B404FF6280924D5004DAC91 /* Resources */,
				73B87383D9678BA19F752A39 /* [CP] Embed Pods Frameworks */,
			);
			buildRules = (
			);
			dependencies = (
			);
			name = ClydeLiveMVVM;
			productName = ClydeLiveMVVM;
			productReference = 4B404FF8280924D5004DAC91 /* ClydeLiveMVVM.app */;
			productType = "com.apple.product-type.application";
		};
		4B405010280924D7004DAC91 /* ClydeLiveMVVMTests */ = {
			isa = PBXNativeTarget;
			buildConfigurationList = 4B405028280924D7004DAC91 /* Build configuration list for PBXNativeTarget "ClydeLiveMVVMTests" */;
			buildPhases = (
				AEC5C6D4E46A86760064AC6A /* [CP] Check Pods Manifest.lock */,
				4B40500D280924D7004DAC91 /* Sources */,
				4B40500E280924D7004DAC91 /* Frameworks */,
				4B40500F280924D7004DAC91 /* Resources */,
			);
			buildRules = (
			);
			dependencies = (
				4B405013280924D7004DAC91 /* PBXTargetDependency */,
			);
			name = ClydeLiveMVVMTests;
			productName = ClydeLiveMVVMTests;
			productReference = 4B405011280924D7004DAC91 /* ClydeLiveMVVMTests.xctest */;
			productType = "com.apple.product-type.bundle.unit-test";
		};
		4B40501A280924D7004DAC91 /* ClydeLiveMVVMUITests */ = {
			isa = PBXNativeTarget;
			buildConfigurationList = 4B40502B280924D7004DAC91 /* Build configuration list for PBXNativeTarget "ClydeLiveMVVMUITests" */;
			buildPhases = (
				EEEDD41AA8E66F29A8877A15 /* [CP] Check Pods Manifest.lock */,
				4B405017280924D7004DAC91 /* Sources */,
				4B405018280924D7004DAC91 /* Frameworks */,
				4B405019280924D7004DAC91 /* Resources */,
				A80F8956D118D208708C31F3 /* [CP] Embed Pods Frameworks */,
			);
			buildRules = (
			);
			dependencies = (
				4B40501D280924D7004DAC91 /* PBXTargetDependency */,
			);
			name = ClydeLiveMVVMUITests;
			productName = ClydeLiveMVVMUITests;
			productReference = 4B40501B280924D7004DAC91 /* ClydeLiveMVVMUITests.xctest */;
			productType = "com.apple.product-type.bundle.ui-testing";
		};
/* End PBXNativeTarget section */

/* Begin PBXProject section */
		4B404FF0280924D5004DAC91 /* Project object */ = {
			isa = PBXProject;
			attributes = {
				BuildIndependentTargetsInParallel = 1;
				LastSwiftUpdateCheck = 1330;
				LastUpgradeCheck = 1330;
				TargetAttributes = {
					4B404FF7280924D5004DAC91 = {
						CreatedOnToolsVersion = 13.3;
					};
					4B405010280924D7004DAC91 = {
						CreatedOnToolsVersion = 13.3;
						TestTargetID = 4B404FF7280924D5004DAC91;
					};
					4B40501A280924D7004DAC91 = {
						CreatedOnToolsVersion = 13.3;
						TestTargetID = 4B404FF7280924D5004DAC91;
					};
				};
			};
			buildConfigurationList = 4B404FF3280924D5004DAC91 /* Build configuration list for PBXProject "ClydeLiveMVVM" */;
			compatibilityVersion = "Xcode 13.0";
			developmentRegion = en;
			hasScannedForEncodings = 0;
			knownRegions = (
				en,
				Base,
			);
			mainGroup = 4B404FEF280924D5004DAC91;
			productRefGroup = 4B404FF9280924D5004DAC91 /* Products */;
			projectDirPath = "";
			projectRoot = "";
			targets = (
				4B404FF7280924D5004DAC91 /* ClydeLiveMVVM */,
				4B405010280924D7004DAC91 /* ClydeLiveMVVMTests */,
				4B40501A280924D7004DAC91 /* ClydeLiveMVVMUITests */,
			);
		};
/* End PBXProject section */

/* Begin PBXResourcesBuildPhase section */
		4B404FF6280924D5004DAC91 /* Resources */ = {
			isa = PBXResourcesBuildPhase;
			buildActionMask = 2147483647;
			files = (
				4B40500B280924D7004DAC91 /* LaunchScreen.storyboard in Resources */,
				4BC0F86F280E2CE8001F0904 /* approved.json in Resources */,
				4BC0F865280E1DC6001F0904 /* openDarkDoor.json in Resources */,
				4B7D29C52811460800601411 /* rocket.json in Resources */,
				4B40502F280926D2004DAC91 /* GoogleService-Info.plist in Resources */,
				4BC0F86D280E2BC6001F0904 /* approve.json in Resources */,
				4B405008280924D7004DAC91 /* Assets.xcassets in Resources */,
				4B7D29C3281141AE00601411 /* bicycle.json in Resources */,
				4B1EA11A28114D6A00865087 /* house.json in Resources */,
				4DD90E13280C291200909677 /* hime3.mp4 in Resources */,
				4BC0F867280E1F57001F0904 /* loves.json in Resources */,
				4B405003280924D5004DAC91 /* Main.storyboard in Resources */,
				4D9959D0280C92B70018D72B /* musicWaves.json in Resources */,
				4BC0F869280E2075001F0904 /* registing.json in Resources */,
				4B962A23280EB0B0006A1D02 /* login.json in Resources */,
			);
			runOnlyForDeploymentPostprocessing = 0;
		};
		4B40500F280924D7004DAC91 /* Resources */ = {
			isa = PBXResourcesBuildPhase;
			buildActionMask = 2147483647;
			files = (
			);
			runOnlyForDeploymentPostprocessing = 0;
		};
		4B405019280924D7004DAC91 /* Resources */ = {
			isa = PBXResourcesBuildPhase;
			buildActionMask = 2147483647;
			files = (
			);
			runOnlyForDeploymentPostprocessing = 0;
		};
/* End PBXResourcesBuildPhase section */

/* Begin PBXShellScriptBuildPhase section */
		009D5BD1B91D373FFE99DB58 /* [CP] Check Pods Manifest.lock */ = {
			isa = PBXShellScriptBuildPhase;
			buildActionMask = 2147483647;
			files = (
			);
			inputFileListPaths = (
			);
			inputPaths = (
				"${PODS_PODFILE_DIR_PATH}/Podfile.lock",
				"${PODS_ROOT}/Manifest.lock",
			);
			name = "[CP] Check Pods Manifest.lock";
			outputFileListPaths = (
			);
			outputPaths = (
				"$(DERIVED_FILE_DIR)/Pods-ClydeLiveMVVM-checkManifestLockResult.txt",
			);
			runOnlyForDeploymentPostprocessing = 0;
			shellPath = /bin/sh;
			shellScript = "diff \"${PODS_PODFILE_DIR_PATH}/Podfile.lock\" \"${PODS_ROOT}/Manifest.lock\" > /dev/null\nif [ $? != 0 ] ; then\n    # print error to STDERR\n    echo \"error: The sandbox is not in sync with the Podfile.lock. Run 'pod install' or update your CocoaPods installation.\" >&2\n    exit 1\nfi\n# This output is used by Xcode 'outputs' to avoid re-running this script phase.\necho \"SUCCESS\" > \"${SCRIPT_OUTPUT_FILE_0}\"\n";
			showEnvVarsInLog = 0;
		};
		73B87383D9678BA19F752A39 /* [CP] Embed Pods Frameworks */ = {
			isa = PBXShellScriptBuildPhase;
			buildActionMask = 2147483647;
			files = (
			);
			inputFileListPaths = (
				"${PODS_ROOT}/Target Support Files/Pods-ClydeLiveMVVM/Pods-ClydeLiveMVVM-frameworks-${CONFIGURATION}-input-files.xcfilelist",
			);
			name = "[CP] Embed Pods Frameworks";
			outputFileListPaths = (
				"${PODS_ROOT}/Target Support Files/Pods-ClydeLiveMVVM/Pods-ClydeLiveMVVM-frameworks-${CONFIGURATION}-output-files.xcfilelist",
			);
			runOnlyForDeploymentPostprocessing = 0;
			shellPath = /bin/sh;
			shellScript = "\"${PODS_ROOT}/Target Support Files/Pods-ClydeLiveMVVM/Pods-ClydeLiveMVVM-frameworks.sh\"\n";
			showEnvVarsInLog = 0;
		};
		A80F8956D118D208708C31F3 /* [CP] Embed Pods Frameworks */ = {
			isa = PBXShellScriptBuildPhase;
			buildActionMask = 2147483647;
			files = (
			);
			inputFileListPaths = (
				"${PODS_ROOT}/Target Support Files/Pods-ClydeLiveMVVM-ClydeLiveMVVMUITests/Pods-ClydeLiveMVVM-ClydeLiveMVVMUITests-frameworks-${CONFIGURATION}-input-files.xcfilelist",
			);
			name = "[CP] Embed Pods Frameworks";
			outputFileListPaths = (
				"${PODS_ROOT}/Target Support Files/Pods-ClydeLiveMVVM-ClydeLiveMVVMUITests/Pods-ClydeLiveMVVM-ClydeLiveMVVMUITests-frameworks-${CONFIGURATION}-output-files.xcfilelist",
			);
			runOnlyForDeploymentPostprocessing = 0;
			shellPath = /bin/sh;
			shellScript = "\"${PODS_ROOT}/Target Support Files/Pods-ClydeLiveMVVM-ClydeLiveMVVMUITests/Pods-ClydeLiveMVVM-ClydeLiveMVVMUITests-frameworks.sh\"\n";
			showEnvVarsInLog = 0;
		};
		AEC5C6D4E46A86760064AC6A /* [CP] Check Pods Manifest.lock */ = {
			isa = PBXShellScriptBuildPhase;
			buildActionMask = 2147483647;
			files = (
			);
			inputFileListPaths = (
			);
			inputPaths = (
				"${PODS_PODFILE_DIR_PATH}/Podfile.lock",
				"${PODS_ROOT}/Manifest.lock",
			);
			name = "[CP] Check Pods Manifest.lock";
			outputFileListPaths = (
			);
			outputPaths = (
				"$(DERIVED_FILE_DIR)/Pods-ClydeLiveMVVMTests-checkManifestLockResult.txt",
			);
			runOnlyForDeploymentPostprocessing = 0;
			shellPath = /bin/sh;
			shellScript = "diff \"${PODS_PODFILE_DIR_PATH}/Podfile.lock\" \"${PODS_ROOT}/Manifest.lock\" > /dev/null\nif [ $? != 0 ] ; then\n    # print error to STDERR\n    echo \"error: The sandbox is not in sync with the Podfile.lock. Run 'pod install' or update your CocoaPods installation.\" >&2\n    exit 1\nfi\n# This output is used by Xcode 'outputs' to avoid re-running this script phase.\necho \"SUCCESS\" > \"${SCRIPT_OUTPUT_FILE_0}\"\n";
			showEnvVarsInLog = 0;
		};
		EEEDD41AA8E66F29A8877A15 /* [CP] Check Pods Manifest.lock */ = {
			isa = PBXShellScriptBuildPhase;
			buildActionMask = 2147483647;
			files = (
			);
			inputFileListPaths = (
			);
			inputPaths = (
				"${PODS_PODFILE_DIR_PATH}/Podfile.lock",
				"${PODS_ROOT}/Manifest.lock",
			);
			name = "[CP] Check Pods Manifest.lock";
			outputFileListPaths = (
			);
			outputPaths = (
				"$(DERIVED_FILE_DIR)/Pods-ClydeLiveMVVM-ClydeLiveMVVMUITests-checkManifestLockResult.txt",
			);
			runOnlyForDeploymentPostprocessing = 0;
			shellPath = /bin/sh;
			shellScript = "diff \"${PODS_PODFILE_DIR_PATH}/Podfile.lock\" \"${PODS_ROOT}/Manifest.lock\" > /dev/null\nif [ $? != 0 ] ; then\n    # print error to STDERR\n    echo \"error: The sandbox is not in sync with the Podfile.lock. Run 'pod install' or update your CocoaPods installation.\" >&2\n    exit 1\nfi\n# This output is used by Xcode 'outputs' to avoid re-running this script phase.\necho \"SUCCESS\" > \"${SCRIPT_OUTPUT_FILE_0}\"\n";
			showEnvVarsInLog = 0;
		};
/* End PBXShellScriptBuildPhase section */

/* Begin PBXSourcesBuildPhase section */
		4B404FF4280924D5004DAC91 /* Sources */ = {
			isa = PBXSourcesBuildPhase;
			buildActionMask = 2147483647;
			files = (
				4B9A5419280AB5FF00F4E09C /* SearchsStreamerCollectionVCell.swift in Sources */,
				4B405006280924D5004DAC91 /* ClydeLiveMVVM.xcdatamodeld in Sources */,
				4DD90E0F280C208F00909677 /* StreamerVC.swift in Sources */,
				4B5E8A222809425200F53633 /* ServersDataVM.swift in Sources */,
				4B5E8A252809429000F53633 /* ServersDataModel.swift in Sources */,
				4B5E8A1628092AA400F53633 /* SearchVC.swift in Sources */,
				4AFD2CE0281B973B00660F69 /* SnapShotTransition.swift in Sources */,
				4BA23E5B280D0FE600332EAA /* PersonalInfoVC.swift in Sources */,
				4B5E8A2B2809627C00F53633 /* HomeCollectionCell.swift in Sources */,
				4B5E8A1828092BB500F53633 /* LoginVC.swift in Sources */,
				4B9A5415280A92EC00F4E09C /* CustomElement.swift in Sources */,
				4BA08F1C2810E646006DF434 /* TabBC.swift in Sources */,
				4B5E8A13280929E700F53633 /* HomeVC.swift in Sources */,
				4ADBD56A28193D24008768FF /* LoginVM.swift in Sources */,
				4B5E8A1A28092CD300F53633 /* RegisterVC.swift in Sources */,
				4B404FFC280924D5004DAC91 /* AppDelegate.swift in Sources */,
				4DD90E11280C20BB00909677 /* StreamersChatroomTableVCell.swift in Sources */,
				4B6BA4BD280AC862008083A5 /* SearchHeaderView.swift in Sources */,
				4AFD2CE7281BD6E600660F69 /* HomeTransitioningDelegate.swift in Sources */,
				4B404FFE280924D5004DAC91 /* SceneDelegate.swift in Sources */,
				4B151F59280E5FD100AF6EDA /* AlertVC.swift in Sources */,
				4B151F5B280E6B3E00AF6EDA /* StreamerCodeble.swift in Sources */,
				4B5E8A29280945E900F53633 /* Enums.swift in Sources */,
				4B5E8A1C28093F1D00F53633 /* Extension.swift in Sources */,
				4AFD2CE5281BCDED00660F69 /* HomeCollectionView.swift in Sources */,
			);
			runOnlyForDeploymentPostprocessing = 0;
		};
		4B40500D280924D7004DAC91 /* Sources */ = {
			isa = PBXSourcesBuildPhase;
			buildActionMask = 2147483647;
			files = (
				4B405016280924D7004DAC91 /* ClydeLiveMVVMTests.swift in Sources */,
			);
			runOnlyForDeploymentPostprocessing = 0;
		};
		4B405017280924D7004DAC91 /* Sources */ = {
			isa = PBXSourcesBuildPhase;
			buildActionMask = 2147483647;
			files = (
				4B405022280924D7004DAC91 /* ClydeLiveMVVMUITestsLaunchTests.swift in Sources */,
				4B405020280924D7004DAC91 /* ClydeLiveMVVMUITests.swift in Sources */,
			);
			runOnlyForDeploymentPostprocessing = 0;
		};
/* End PBXSourcesBuildPhase section */

/* Begin PBXTargetDependency section */
		4B405013280924D7004DAC91 /* PBXTargetDependency */ = {
			isa = PBXTargetDependency;
			target = 4B404FF7280924D5004DAC91 /* ClydeLiveMVVM */;
			targetProxy = 4B405012280924D7004DAC91 /* PBXContainerItemProxy */;
		};
		4B40501D280924D7004DAC91 /* PBXTargetDependency */ = {
			isa = PBXTargetDependency;
			target = 4B404FF7280924D5004DAC91 /* ClydeLiveMVVM */;
			targetProxy = 4B40501C280924D7004DAC91 /* PBXContainerItemProxy */;
		};
/* End PBXTargetDependency section */

/* Begin PBXVariantGroup section */
		4B405001280924D5004DAC91 /* Main.storyboard */ = {
			isa = PBXVariantGroup;
			children = (
				4B405002280924D5004DAC91 /* Base */,
			);
			name = Main.storyboard;
			sourceTree = "<group>";
		};
		4B405009280924D7004DAC91 /* LaunchScreen.storyboard */ = {
			isa = PBXVariantGroup;
			children = (
				4B40500A280924D7004DAC91 /* Base */,
			);
			name = LaunchScreen.storyboard;
			sourceTree = "<group>";
		};
/* End PBXVariantGroup section */

/* Begin XCBuildConfiguration section */
		4B405023280924D7004DAC91 /* Debug */ = {
			isa = XCBuildConfiguration;
			buildSettings = {
				ALWAYS_SEARCH_USER_PATHS = NO;
				CLANG_ANALYZER_NONNULL = YES;
				CLANG_ANALYZER_NUMBER_OBJECT_CONVERSION = YES_AGGRESSIVE;
				CLANG_CXX_LANGUAGE_STANDARD = "gnu++17";
				CLANG_ENABLE_MODULES = YES;
				CLANG_ENABLE_OBJC_ARC = YES;
				CLANG_ENABLE_OBJC_WEAK = YES;
				CLANG_WARN_BLOCK_CAPTURE_AUTORELEASING = YES;
				CLANG_WARN_BOOL_CONVERSION = YES;
				CLANG_WARN_COMMA = YES;
				CLANG_WARN_CONSTANT_CONVERSION = YES;
				CLANG_WARN_DEPRECATED_OBJC_IMPLEMENTATIONS = YES;
				CLANG_WARN_DIRECT_OBJC_ISA_USAGE = YES_ERROR;
				CLANG_WARN_DOCUMENTATION_COMMENTS = YES;
				CLANG_WARN_EMPTY_BODY = YES;
				CLANG_WARN_ENUM_CONVERSION = YES;
				CLANG_WARN_INFINITE_RECURSION = YES;
				CLANG_WARN_INT_CONVERSION = YES;
				CLANG_WARN_NON_LITERAL_NULL_CONVERSION = YES;
				CLANG_WARN_OBJC_IMPLICIT_RETAIN_SELF = YES;
				CLANG_WARN_OBJC_LITERAL_CONVERSION = YES;
				CLANG_WARN_OBJC_ROOT_CLASS = YES_ERROR;
				CLANG_WARN_QUOTED_INCLUDE_IN_FRAMEWORK_HEADER = YES;
				CLANG_WARN_RANGE_LOOP_ANALYSIS = YES;
				CLANG_WARN_STRICT_PROTOTYPES = YES;
				CLANG_WARN_SUSPICIOUS_MOVE = YES;
				CLANG_WARN_UNGUARDED_AVAILABILITY = YES_AGGRESSIVE;
				CLANG_WARN_UNREACHABLE_CODE = YES;
				CLANG_WARN__DUPLICATE_METHOD_MATCH = YES;
				COPY_PHASE_STRIP = NO;
				DEBUG_INFORMATION_FORMAT = dwarf;
				ENABLE_STRICT_OBJC_MSGSEND = YES;
				ENABLE_TESTABILITY = YES;
				GCC_C_LANGUAGE_STANDARD = gnu11;
				GCC_DYNAMIC_NO_PIC = NO;
				GCC_NO_COMMON_BLOCKS = YES;
				GCC_OPTIMIZATION_LEVEL = 0;
				GCC_PREPROCESSOR_DEFINITIONS = (
					"DEBUG=1",
					"$(inherited)",
				);
				GCC_WARN_64_TO_32_BIT_CONVERSION = YES;
				GCC_WARN_ABOUT_RETURN_TYPE = YES_ERROR;
				GCC_WARN_UNDECLARED_SELECTOR = YES;
				GCC_WARN_UNINITIALIZED_AUTOS = YES_AGGRESSIVE;
				GCC_WARN_UNUSED_FUNCTION = YES;
				GCC_WARN_UNUSED_VARIABLE = YES;
				IPHONEOS_DEPLOYMENT_TARGET = 13.0;
				MTL_ENABLE_DEBUG_INFO = INCLUDE_SOURCE;
				MTL_FAST_MATH = YES;
				ONLY_ACTIVE_ARCH = YES;
				SDKROOT = iphoneos;
				SWIFT_ACTIVE_COMPILATION_CONDITIONS = DEBUG;
				SWIFT_OPTIMIZATION_LEVEL = "-Onone";
			};
			name = Debug;
		};
		4B405024280924D7004DAC91 /* Release */ = {
			isa = XCBuildConfiguration;
			buildSettings = {
				ALWAYS_SEARCH_USER_PATHS = NO;
				CLANG_ANALYZER_NONNULL = YES;
				CLANG_ANALYZER_NUMBER_OBJECT_CONVERSION = YES_AGGRESSIVE;
				CLANG_CXX_LANGUAGE_STANDARD = "gnu++17";
				CLANG_ENABLE_MODULES = YES;
				CLANG_ENABLE_OBJC_ARC = YES;
				CLANG_ENABLE_OBJC_WEAK = YES;
				CLANG_WARN_BLOCK_CAPTURE_AUTORELEASING = YES;
				CLANG_WARN_BOOL_CONVERSION = YES;
				CLANG_WARN_COMMA = YES;
				CLANG_WARN_CONSTANT_CONVERSION = YES;
				CLANG_WARN_DEPRECATED_OBJC_IMPLEMENTATIONS = YES;
				CLANG_WARN_DIRECT_OBJC_ISA_USAGE = YES_ERROR;
				CLANG_WARN_DOCUMENTATION_COMMENTS = YES;
				CLANG_WARN_EMPTY_BODY = YES;
				CLANG_WARN_ENUM_CONVERSION = YES;
				CLANG_WARN_INFINITE_RECURSION = YES;
				CLANG_WARN_INT_CONVERSION = YES;
				CLANG_WARN_NON_LITERAL_NULL_CONVERSION = YES;
				CLANG_WARN_OBJC_IMPLICIT_RETAIN_SELF = YES;
				CLANG_WARN_OBJC_LITERAL_CONVERSION = YES;
				CLANG_WARN_OBJC_ROOT_CLASS = YES_ERROR;
				CLANG_WARN_QUOTED_INCLUDE_IN_FRAMEWORK_HEADER = YES;
				CLANG_WARN_RANGE_LOOP_ANALYSIS = YES;
				CLANG_WARN_STRICT_PROTOTYPES = YES;
				CLANG_WARN_SUSPICIOUS_MOVE = YES;
				CLANG_WARN_UNGUARDED_AVAILABILITY = YES_AGGRESSIVE;
				CLANG_WARN_UNREACHABLE_CODE = YES;
				CLANG_WARN__DUPLICATE_METHOD_MATCH = YES;
				COPY_PHASE_STRIP = NO;
				DEBUG_INFORMATION_FORMAT = "dwarf-with-dsym";
				ENABLE_NS_ASSERTIONS = NO;
				ENABLE_STRICT_OBJC_MSGSEND = YES;
				GCC_C_LANGUAGE_STANDARD = gnu11;
				GCC_NO_COMMON_BLOCKS = YES;
				GCC_WARN_64_TO_32_BIT_CONVERSION = YES;
				GCC_WARN_ABOUT_RETURN_TYPE = YES_ERROR;
				GCC_WARN_UNDECLARED_SELECTOR = YES;
				GCC_WARN_UNINITIALIZED_AUTOS = YES_AGGRESSIVE;
				GCC_WARN_UNUSED_FUNCTION = YES;
				GCC_WARN_UNUSED_VARIABLE = YES;
				IPHONEOS_DEPLOYMENT_TARGET = 13.0;
				MTL_ENABLE_DEBUG_INFO = NO;
				MTL_FAST_MATH = YES;
				SDKROOT = iphoneos;
				SWIFT_COMPILATION_MODE = wholemodule;
				SWIFT_OPTIMIZATION_LEVEL = "-O";
				VALIDATE_PRODUCT = YES;
			};
			name = Release;
		};
		4B405026280924D7004DAC91 /* Debug */ = {
			isa = XCBuildConfiguration;
			baseConfigurationReference = 3E656DE80109CFEEB62A0D7C /* Pods-ClydeLiveMVVM.debug.xcconfig */;
			buildSettings = {
				ASSETCATALOG_COMPILER_APPICON_NAME = AppIcon;
				ASSETCATALOG_COMPILER_GLOBAL_ACCENT_COLOR_NAME = AccentColor;
				CODE_SIGN_STYLE = Automatic;
				CURRENT_PROJECT_VERSION = 1;
				DEVELOPMENT_TEAM = WPCCSHS2AB;
				GENERATE_INFOPLIST_FILE = YES;
				INFOPLIST_FILE = ClydeLiveMVVM/Info.plist;
				INFOPLIST_KEY_CFBundleDisplayName = Clyde;
				INFOPLIST_KEY_NSCameraUsageDescription = "";
				INFOPLIST_KEY_NSContactsUsageDescription = "";
				INFOPLIST_KEY_NSPhotoLibraryAddUsageDescription = "";
				INFOPLIST_KEY_NSPhotoLibraryUsageDescription = "";
				INFOPLIST_KEY_UIApplicationSupportsIndirectInputEvents = YES;
				INFOPLIST_KEY_UILaunchStoryboardName = LaunchScreen;
				INFOPLIST_KEY_UIMainStoryboardFile = Main;
				INFOPLIST_KEY_UISupportedInterfaceOrientations = UIInterfaceOrientationPortrait;
				INFOPLIST_KEY_UISupportedInterfaceOrientations_iPad = UIInterfaceOrientationPortrait;
				INFOPLIST_KEY_UISupportedInterfaceOrientations_iPhone = UIInterfaceOrientationPortrait;
				INFOPLIST_KEY_UIUserInterfaceStyle = light;
				LD_RUNPATH_SEARCH_PATHS = (
					"$(inherited)",
					"@executable_path/Frameworks",
				);
				MARKETING_VERSION = 1.0;
				PRODUCT_BUNDLE_IDENTIFIER = tw.com.R70430.ClydeLiveMVVM;
				PRODUCT_NAME = "$(TARGET_NAME)";
				SWIFT_EMIT_LOC_STRINGS = YES;
				SWIFT_VERSION = 5.0;
				TARGETED_DEVICE_FAMILY = "1,2";
			};
			name = Debug;
		};
		4B405027280924D7004DAC91 /* Release */ = {
			isa = XCBuildConfiguration;
			baseConfigurationReference = 8E77F98D5B24A1BF6780B74F /* Pods-ClydeLiveMVVM.release.xcconfig */;
			buildSettings = {
				ASSETCATALOG_COMPILER_APPICON_NAME = AppIcon;
				ASSETCATALOG_COMPILER_GLOBAL_ACCENT_COLOR_NAME = AccentColor;
				CODE_SIGN_STYLE = Automatic;
				CURRENT_PROJECT_VERSION = 1;
				DEVELOPMENT_TEAM = WPCCSHS2AB;
				GENERATE_INFOPLIST_FILE = YES;
				INFOPLIST_FILE = ClydeLiveMVVM/Info.plist;
				INFOPLIST_KEY_CFBundleDisplayName = Clyde;
				INFOPLIST_KEY_NSCameraUsageDescription = "";
				INFOPLIST_KEY_NSContactsUsageDescription = "";
				INFOPLIST_KEY_NSPhotoLibraryAddUsageDescription = "";
				INFOPLIST_KEY_NSPhotoLibraryUsageDescription = "";
				INFOPLIST_KEY_UIApplicationSupportsIndirectInputEvents = YES;
				INFOPLIST_KEY_UILaunchStoryboardName = LaunchScreen;
				INFOPLIST_KEY_UIMainStoryboardFile = Main;
				INFOPLIST_KEY_UISupportedInterfaceOrientations = UIInterfaceOrientationPortrait;
				INFOPLIST_KEY_UISupportedInterfaceOrientations_iPad = UIInterfaceOrientationPortrait;
				INFOPLIST_KEY_UISupportedInterfaceOrientations_iPhone = UIInterfaceOrientationPortrait;
				INFOPLIST_KEY_UIUserInterfaceStyle = light;
				LD_RUNPATH_SEARCH_PATHS = (
					"$(inherited)",
					"@executable_path/Frameworks",
				);
				MARKETING_VERSION = 1.0;
				PRODUCT_BUNDLE_IDENTIFIER = tw.com.R70430.ClydeLiveMVVM;
				PRODUCT_NAME = "$(TARGET_NAME)";
				SWIFT_EMIT_LOC_STRINGS = YES;
				SWIFT_VERSION = 5.0;
				TARGETED_DEVICE_FAMILY = "1,2";
			};
			name = Release;
		};
		4B405029280924D7004DAC91 /* Debug */ = {
			isa = XCBuildConfiguration;
			baseConfigurationReference = BAB08A5B37EA020A5ADD4B36 /* Pods-ClydeLiveMVVMTests.debug.xcconfig */;
			buildSettings = {
				ALWAYS_EMBED_SWIFT_STANDARD_LIBRARIES = YES;
				BUNDLE_LOADER = "$(TEST_HOST)";
				CODE_SIGN_STYLE = Automatic;
				CURRENT_PROJECT_VERSION = 1;
				DEVELOPMENT_TEAM = S7Z5P46A6U;
				GENERATE_INFOPLIST_FILE = YES;
				IPHONEOS_DEPLOYMENT_TARGET = 15.4;
				MARKETING_VERSION = 1.0;
				PRODUCT_BUNDLE_IDENTIFIER = tw.com.R70430.ClydeLiveMVVMTests;
				PRODUCT_NAME = "$(TARGET_NAME)";
				SWIFT_EMIT_LOC_STRINGS = NO;
				SWIFT_VERSION = 5.0;
				TARGETED_DEVICE_FAMILY = "1,2";
				TEST_HOST = "$(BUILT_PRODUCTS_DIR)/ClydeLiveMVVM.app/ClydeLiveMVVM";
			};
			name = Debug;
		};
		4B40502A280924D7004DAC91 /* Release */ = {
			isa = XCBuildConfiguration;
			baseConfigurationReference = 2A2AA733DFE4D3E9B0C2B805 /* Pods-ClydeLiveMVVMTests.release.xcconfig */;
			buildSettings = {
				ALWAYS_EMBED_SWIFT_STANDARD_LIBRARIES = YES;
				BUNDLE_LOADER = "$(TEST_HOST)";
				CODE_SIGN_STYLE = Automatic;
				CURRENT_PROJECT_VERSION = 1;
				DEVELOPMENT_TEAM = S7Z5P46A6U;
				GENERATE_INFOPLIST_FILE = YES;
				IPHONEOS_DEPLOYMENT_TARGET = 15.4;
				MARKETING_VERSION = 1.0;
				PRODUCT_BUNDLE_IDENTIFIER = tw.com.R70430.ClydeLiveMVVMTests;
				PRODUCT_NAME = "$(TARGET_NAME)";
				SWIFT_EMIT_LOC_STRINGS = NO;
				SWIFT_VERSION = 5.0;
				TARGETED_DEVICE_FAMILY = "1,2";
				TEST_HOST = "$(BUILT_PRODUCTS_DIR)/ClydeLiveMVVM.app/ClydeLiveMVVM";
			};
			name = Release;
		};
		4B40502C280924D7004DAC91 /* Debug */ = {
			isa = XCBuildConfiguration;
			baseConfigurationReference = 5F568D5C7FA10EBA3A7BB227 /* Pods-ClydeLiveMVVM-ClydeLiveMVVMUITests.debug.xcconfig */;
			buildSettings = {
				ALWAYS_EMBED_SWIFT_STANDARD_LIBRARIES = YES;
				CODE_SIGN_STYLE = Automatic;
				CURRENT_PROJECT_VERSION = 1;
				DEVELOPMENT_TEAM = S7Z5P46A6U;
				GENERATE_INFOPLIST_FILE = YES;
				MARKETING_VERSION = 1.0;
				PRODUCT_BUNDLE_IDENTIFIER = tw.com.R70430.ClydeLiveMVVMUITests;
				PRODUCT_NAME = "$(TARGET_NAME)";
				SWIFT_EMIT_LOC_STRINGS = NO;
				SWIFT_VERSION = 5.0;
				TARGETED_DEVICE_FAMILY = "1,2";
				TEST_TARGET_NAME = ClydeLiveMVVM;
			};
			name = Debug;
		};
		4B40502D280924D7004DAC91 /* Release */ = {
			isa = XCBuildConfiguration;
			baseConfigurationReference = 8DF2C948E6AA76250BC13D5C /* Pods-ClydeLiveMVVM-ClydeLiveMVVMUITests.release.xcconfig */;
			buildSettings = {
				ALWAYS_EMBED_SWIFT_STANDARD_LIBRARIES = YES;
				CODE_SIGN_STYLE = Automatic;
				CURRENT_PROJECT_VERSION = 1;
				DEVELOPMENT_TEAM = S7Z5P46A6U;
				GENERATE_INFOPLIST_FILE = YES;
				MARKETING_VERSION = 1.0;
				PRODUCT_BUNDLE_IDENTIFIER = tw.com.R70430.ClydeLiveMVVMUITests;
				PRODUCT_NAME = "$(TARGET_NAME)";
				SWIFT_EMIT_LOC_STRINGS = NO;
				SWIFT_VERSION = 5.0;
				TARGETED_DEVICE_FAMILY = "1,2";
				TEST_TARGET_NAME = ClydeLiveMVVM;
			};
			name = Release;
		};
/* End XCBuildConfiguration section */

/* Begin XCConfigurationList section */
		4B404FF3280924D5004DAC91 /* Build configuration list for PBXProject "ClydeLiveMVVM" */ = {
			isa = XCConfigurationList;
			buildConfigurations = (
				4B405023280924D7004DAC91 /* Debug */,
				4B405024280924D7004DAC91 /* Release */,
			);
			defaultConfigurationIsVisible = 0;
			defaultConfigurationName = Release;
		};
		4B405025280924D7004DAC91 /* Build configuration list for PBXNativeTarget "ClydeLiveMVVM" */ = {
			isa = XCConfigurationList;
			buildConfigurations = (
				4B405026280924D7004DAC91 /* Debug */,
				4B405027280924D7004DAC91 /* Release */,
			);
			defaultConfigurationIsVisible = 0;
			defaultConfigurationName = Release;
		};
		4B405028280924D7004DAC91 /* Build configuration list for PBXNativeTarget "ClydeLiveMVVMTests" */ = {
			isa = XCConfigurationList;
			buildConfigurations = (
				4B405029280924D7004DAC91 /* Debug */,
				4B40502A280924D7004DAC91 /* Release */,
			);
			defaultConfigurationIsVisible = 0;
			defaultConfigurationName = Release;
		};
		4B40502B280924D7004DAC91 /* Build configuration list for PBXNativeTarget "ClydeLiveMVVMUITests" */ = {
			isa = XCConfigurationList;
			buildConfigurations = (
				4B40502C280924D7004DAC91 /* Debug */,
				4B40502D280924D7004DAC91 /* Release */,
			);
			defaultConfigurationIsVisible = 0;
			defaultConfigurationName = Release;
		};
/* End XCConfigurationList section */

/* Begin XCVersionGroup section */
		4B405004280924D5004DAC91 /* ClydeLiveMVVM.xcdatamodeld */ = {
			isa = XCVersionGroup;
			children = (
				4B405005280924D5004DAC91 /* ClydeLiveMVVM.xcdatamodel */,
			);
			currentVersion = 4B405005280924D5004DAC91 /* ClydeLiveMVVM.xcdatamodel */;
			path = ClydeLiveMVVM.xcdatamodeld;
			sourceTree = "<group>";
			versionGroupType = wrapper.xcdatamodel;
		};
/* End XCVersionGroup section */
	};
	rootObject = 4B404FF0280924D5004DAC91 /* Project object */;
}
